{
  "name": "jobseeker-assets",
  "lockfileVersion": 3,
  "requires": true,
  "packages": {
    "": {
      "name": "jobseeker-assets",
      "hasInstallScript": true,
      "dependencies": {
        "alertifyjs": "1.14.0",
        "animate.css": "3.7.2",
        "chart.js": "4.5.1",
        "ckeditor4": "4.25.2",
        "datatables.net": "3.1.2",
        "datatables.net-bs": "3.1.2",
        "dropzone": "5.9.3",
        "font-awesome": "4.7.0",
        "ionicons": "2.0.1",
        "moment": "2.30.1"
      },
      "engines": {
        "node": ">=18"
      }
    },
    "node_modules/@kurkle/color": {
      "version": "0.3.4",
      "resolved": "https://registry.npmjs.org/@kurkle/color/-/color-0.3.4.tgz",
      "integrity": "sha512-M5UknZPHRu3DEDWoipU6sE8PdkZ6Z/S+v4dD+Ke8IaNlpdSQah50lz1KtcFBa2vsdOnwbbnxJwVM4wty6udA5w==",
      "license": "MIT"
    },
    "node_modules/alertifyjs": {
      "version": "1.14.0",
      "resolved": "https://registry.npmjs.org/alertifyjs/-/alertifyjs-1.14.0.tgz",
      "integrity": "sha512-jUxJTcNYhJ2P1Wal73nmyTwMkaPim4PjZP9CAG+S8SK2SinraXxvOxnPrEY81/wc2iBPDFBP7mdg61db4WsuHQ=="
    },
    "node_modules/animate.css": {
      "version": "3.7.2",
      "resolved": "https://registry.npmjs.org/animate.css/-/animate.css-3.7.2.tgz",
      "integrity": "sha512-0bE8zYo7C0KvgOYrSVfrzkbYk6IOTVPNqkiHg2cbyF4Pq/PXzilz4BRWA3hwEUBoMp5VBgrC29lQIZyhRWdBTw=="
    },
    "node_modules/chart.js": {
      "version": "4.5.1",
      "resolved": "https://registry.npmjs.org/chart.js/-/chart.js-4.5.1.tgz",
      "integrity": "sha512-GIjfiT9dbmHRiYi6Nl2yFCq7kkwdkp1W/lp2J99rX0yo9tgJGn3lKQATztIjb5tVtevcBtIdICNWqlq5+E8/Pw==",
      "license": "MIT",
      "dependencies": {
        "@kurkle/color": "^0.3.0"
      },
      "engines": {
        "pnpm": ">=8"
      }
    },
    "node_modules/ckeditor4": {
      "version": "4.25.2",
      "resolved": "https://registry.npmjs.org/ckeditor4/-/ckeditor4-4.25.2.tgz",
      "integrity": "sha512-Xt80BRzYE/2OzZicEHTw5m20vwFX7in4DAjC9lox0cLefgV1zzQIuVFIV/bvVn9HluYPYnIuebYwUUVlXq7xjg=="
    },
    "node_modules/datatables.net": {
      "version": "3.1.2",
      "resolved": "https://registry.npmjs.org/datatables.net/-/datatables.net-3.1.2.tgz",
      "integrity": "sha512-6PnhPw9lrPASP2n1t13zW595aKB41j3Qt6iykFVV6aohGtSF3CTjwQ+RsdlrGUQTj/Ji0or8+9Q7mMpf4YY1cQ==",
      "license": "MIT"
    },
    "node_modules/datatables.net-bs": {
      "version": "3.1.2",
      "resolved": "https://registry.npmjs.org/datatables.net-bs/-/datatables.net-bs-3.1.2.tgz",
      "integrity": "sha512-P+s9NHoDJmmrfKvTi7lOoyaEeOTs7HE1esBXCHZ1QqBxsLPHDn2tlqZSUkbFqvNjalO5dGLv3EK//U8OoXB4yA==",
      "license": "MIT",
      "dependencies": {
        "datatables.net": "3.1.2"
      }
    },
    "node_modules/dropzone": {
      "version": "5.9.3",
      "resolved": "https://registry.npmjs.org/dropzone/-/dropzone-5.9.3.tgz",
      "integrity": "sha512-Azk8kD/2/nJIuVPK+zQ9sjKMRIpRvNyqn9XwbBHNq+iNuSccbJS6hwm1Woy0pMST0erSo0u4j+KJaodndDk4vA=="
    },
    "node_modules/font-awesome": {
      "version": "4.7.0",
      "resolved": "https://registry.npmjs.org/font-awesome/-/font-awesome-4.7.0.tgz",
      "integrity": "sha512-U6kGnykA/6bFmg1M/oT9EkFeIYv7JlX3bozwQJWiiLz6L0w3F5vBVPxHlwyX/vtNq1ckcpRKOB9f2Qal/VtFpg==",
      "license": "(OFL-1.1 AND MIT)",
      "engines": {
        "node": ">=0.10.3"
      }
    },
    "node_modules/ionicons": {
      "version": "2.0.1",
      "resolved": "https://registry.npmjs.org/ionicons/-/ionicons-2.0.1.tgz",
      "integrity": "sha512-ySWjaL3PxB4JFMvr7/02sByWM7TQv1mrvRYFvUwFcVEEHEK/RKEP6MFhcnTmKhoPM6Ih6s5wH003fkVk1wiXLQ==",
      "license": "MIT"
    },
    "node_modules/moment": {
      "version": "2.30.1",
      "resolved": "https://registry.npmjs.org/moment/-/moment-2.30.1.tgz",
      "integrity": "sha512-uEmtNhbDOrWPFS+hdjFCBfy9f2YoyzRpwcl+DqpC6taX21FzsTLQVbMV/W7PzNSX6x/bhC1zA3c2UQ5NzH6how==",
      "engines": {
        "node": "*"
      }
    }
  }
}
